// !$*UTF8*$!
{
	archiveVersion = 1;
	classes = {
	};
	objectVersion = 51;
	objects = {

/* Begin PBXBuildFile section */
		070685922503CC33002A0A82 /* TrackService.swift in Sources */ = {isa = PBXBuildFile; fileRef = 070685912503CC33002A0A82 /* TrackService.swift */; };
		070685962503DC36002A0A82 /* WorkoutListViewController.swift in Sources */ = {isa = PBXBuildFile; fileRef = 070685952503DC36002A0A82 /* WorkoutListViewController.swift */; };
		0706E861250542C600CA9DD8 /* BaseCoordinator.swift in Sources */ = {isa = PBXBuildFile; fileRef = 0706E860250542C600CA9DD8 /* BaseCoordinator.swift */; };
		0706E8632505450500CA9DD8 /* ApplicationCoordinator.swift in Sources */ = {isa = PBXBuildFile; fileRef = 0706E8622505450500CA9DD8 /* ApplicationCoordinator.swift */; };
		0706E8652505454800CA9DD8 /* MainCoordinator.swift in Sources */ = {isa = PBXBuildFile; fileRef = 0706E8642505454800CA9DD8 /* MainCoordinator.swift */; };
		071ED84425012FD5008FB556 /* RealmService.swift in Sources */ = {isa = PBXBuildFile; fileRef = 071ED84325012FD5008FB556 /* RealmService.swift */; };
		071ED84725013009008FB556 /* Path.swift in Sources */ = {isa = PBXBuildFile; fileRef = 071ED84625013009008FB556 /* Path.swift */; };
		071ED84925013020008FB556 /* Workout.swift in Sources */ = {isa = PBXBuildFile; fileRef = 071ED84825013020008FB556 /* Workout.swift */; };
		0724D6702504FB1600A4C33B /* AppManager.swift in Sources */ = {isa = PBXBuildFile; fileRef = 0724D66F2504FB1600A4C33B /* AppManager.swift */; };
		079303402509201300981E31 /* EndWorkoutViewController.swift in Sources */ = {isa = PBXBuildFile; fileRef = 0793033F2509201300981E31 /* EndWorkoutViewController.swift */; };
		079529822506811700EF63F8 /* Users.storyboard in Resources */ = {isa = PBXBuildFile; fileRef = 079529812506811700EF63F8 /* Users.storyboard */; };
		079529852506818300EF63F8 /* LoginViewController.swift in Sources */ = {isa = PBXBuildFile; fileRef = 079529842506818300EF63F8 /* LoginViewController.swift */; };
		07952987250683EC00EF63F8 /* LoginCoordinator.swift in Sources */ = {isa = PBXBuildFile; fileRef = 07952986250683EC00EF63F8 /* LoginCoordinator.swift */; };
		079AEDE124FB64B90038C2B0 /* AppDelegate.swift in Sources */ = {isa = PBXBuildFile; fileRef = 079AEDE024FB64B90038C2B0 /* AppDelegate.swift */; };
		079AEDE324FB64B90038C2B0 /* SceneDelegate.swift in Sources */ = {isa = PBXBuildFile; fileRef = 079AEDE224FB64B90038C2B0 /* SceneDelegate.swift */; };
		079AEDE524FB64B90038C2B0 /* MapViewController.swift in Sources */ = {isa = PBXBuildFile; fileRef = 079AEDE424FB64B90038C2B0 /* MapViewController.swift */; };
		079AEDE824FB64B90038C2B0 /* Main.storyboard in Resources */ = {isa = PBXBuildFile; fileRef = 079AEDE624FB64B90038C2B0 /* Main.storyboard */; };
		079AEDEA24FB64BD0038C2B0 /* Assets.xcassets in Resources */ = {isa = PBXBuildFile; fileRef = 079AEDE924FB64BD0038C2B0 /* Assets.xcassets */; };
		079AEDED24FB64BD0038C2B0 /* LaunchScreen.storyboard in Resources */ = {isa = PBXBuildFile; fileRef = 079AEDEB24FB64BD0038C2B0 /* LaunchScreen.storyboard */; };
		079AEDF824FB64BE0038C2B0 /* GeekFitTests.swift in Sources */ = {isa = PBXBuildFile; fileRef = 079AEDF724FB64BE0038C2B0 /* GeekFitTests.swift */; };
		079AEE0324FB64BE0038C2B0 /* GeekFitUITests.swift in Sources */ = {isa = PBXBuildFile; fileRef = 079AEE0224FB64BE0038C2B0 /* GeekFitUITests.swift */; };
		07B4EB872503C0FB000AF8BE /* WorkoutService.swift in Sources */ = {isa = PBXBuildFile; fileRef = 07B4EB862503C0FB000AF8BE /* WorkoutService.swift */; };
		07B4EB892503C117000AF8BE /* LocationServiceProto.swift in Sources */ = {isa = PBXBuildFile; fileRef = 07B4EB882503C117000AF8BE /* LocationServiceProto.swift */; };
		07C39EAB2507B12100ABBC23 /* User.swift in Sources */ = {isa = PBXBuildFile; fileRef = 07C39EAA2507B12100ABBC23 /* User.swift */; };
		07C39EAE2507B2A800ABBC23 /* UserService.swift in Sources */ = {isa = PBXBuildFile; fileRef = 07C39EAD2507B2A800ABBC23 /* UserService.swift */; };
		07DC955324FBBFC1007923D3 /* UIViewController+Ext.swift in Sources */ = {isa = PBXBuildFile; fileRef = 07DC955224FBBFC1007923D3 /* UIViewController+Ext.swift */; };
		07E2761E25069B65003ADBDD /* RegisterViewController.swift in Sources */ = {isa = PBXBuildFile; fileRef = 07E2761D25069B65003ADBDD /* RegisterViewController.swift */; };
		1150A97A2AE77E21CD00F70F /* Pods_GeekFit_GeekFitUITests.framework in Frameworks */ = {isa = PBXBuildFile; fileRef = 19C9494F24E8B87263D99EB8 /* Pods_GeekFit_GeekFitUITests.framework */; };
		1AD7A9A6799AF2B8015C6EA2 /* Pods_GeekFit.framework in Frameworks */ = {isa = PBXBuildFile; fileRef = 1D02C24A8F2D26CF698720FE /* Pods_GeekFit.framework */; };
		85512C9759AF7DB29782158E /* Pods_GeekFitTests.framework in Frameworks */ = {isa = PBXBuildFile; fileRef = A3DB7F2B0CD50DB4A6AA8627 /* Pods_GeekFitTests.framework */; };
/* End PBXBuildFile section */

/* Begin PBXContainerItemProxy section */
		079AEDF424FB64BE0038C2B0 /* PBXContainerItemProxy */ = {
			isa = PBXContainerItemProxy;
			containerPortal = 079AEDD524FB64B90038C2B0 /* Project object */;
			proxyType = 1;
			remoteGlobalIDString = 079AEDDC24FB64B90038C2B0;
			remoteInfo = GeekFit;
		};
		079AEDFF24FB64BE0038C2B0 /* PBXContainerItemProxy */ = {
			isa = PBXContainerItemProxy;
			containerPortal = 079AEDD524FB64B90038C2B0 /* Project object */;
			proxyType = 1;
			remoteGlobalIDString = 079AEDDC24FB64B90038C2B0;
			remoteInfo = GeekFit;
		};
/* End PBXContainerItemProxy section */

/* Begin PBXFileReference section */
		070685912503CC33002A0A82 /* TrackService.swift */ = {isa = PBXFileReference; lastKnownFileType = sourcecode.swift; path = TrackService.swift; sourceTree = "<group>"; };
		070685952503DC36002A0A82 /* WorkoutListViewController.swift */ = {isa = PBXFileReference; lastKnownFileType = sourcecode.swift; path = WorkoutListViewController.swift; sourceTree = "<group>"; };
		0706E860250542C600CA9DD8 /* BaseCoordinator.swift */ = {isa = PBXFileReference; lastKnownFileType = sourcecode.swift; path = BaseCoordinator.swift; sourceTree = "<group>"; };
		0706E8622505450500CA9DD8 /* ApplicationCoordinator.swift */ = {isa = PBXFileReference; lastKnownFileType = sourcecode.swift; path = ApplicationCoordinator.swift; sourceTree = "<group>"; };
		0706E8642505454800CA9DD8 /* MainCoordinator.swift */ = {isa = PBXFileReference; lastKnownFileType = sourcecode.swift; path = MainCoordinator.swift; sourceTree = "<group>"; };
		071ED84325012FD5008FB556 /* RealmService.swift */ = {isa = PBXFileReference; lastKnownFileType = sourcecode.swift; path = RealmService.swift; sourceTree = "<group>"; };
		071ED84625013009008FB556 /* Path.swift */ = {isa = PBXFileReference; lastKnownFileType = sourcecode.swift; path = Path.swift; sourceTree = "<group>"; };
		071ED84825013020008FB556 /* Workout.swift */ = {isa = PBXFileReference; lastKnownFileType = sourcecode.swift; path = Workout.swift; sourceTree = "<group>"; };
		0724D66F2504FB1600A4C33B /* AppManager.swift */ = {isa = PBXFileReference; lastKnownFileType = sourcecode.swift; path = AppManager.swift; sourceTree = "<group>"; };
		0793033F2509201300981E31 /* EndWorkoutViewController.swift */ = {isa = PBXFileReference; lastKnownFileType = sourcecode.swift; path = EndWorkoutViewController.swift; sourceTree = "<group>"; };
		079529812506811700EF63F8 /* Users.storyboard */ = {isa = PBXFileReference; lastKnownFileType = file.storyboard; path = Users.storyboard; sourceTree = "<group>"; };
		079529842506818300EF63F8 /* LoginViewController.swift */ = {isa = PBXFileReference; lastKnownFileType = sourcecode.swift; path = LoginViewController.swift; sourceTree = "<group>"; };
		07952986250683EC00EF63F8 /* LoginCoordinator.swift */ = {isa = PBXFileReference; lastKnownFileType = sourcecode.swift; path = LoginCoordinator.swift; sourceTree = "<group>"; };
		079AEDDD24FB64B90038C2B0 /* GeekFit.app */ = {isa = PBXFileReference; explicitFileType = wrapper.application; includeInIndex = 0; path = GeekFit.app; sourceTree = BUILT_PRODUCTS_DIR; };
		079AEDE024FB64B90038C2B0 /* AppDelegate.swift */ = {isa = PBXFileReference; lastKnownFileType = sourcecode.swift; path = AppDelegate.swift; sourceTree = "<group>"; };
		079AEDE224FB64B90038C2B0 /* SceneDelegate.swift */ = {isa = PBXFileReference; lastKnownFileType = sourcecode.swift; path = SceneDelegate.swift; sourceTree = "<group>"; };
		079AEDE424FB64B90038C2B0 /* MapViewController.swift */ = {isa = PBXFileReference; lastKnownFileType = sourcecode.swift; path = MapViewController.swift; sourceTree = "<group>"; };
		079AEDE724FB64B90038C2B0 /* Base */ = {isa = PBXFileReference; lastKnownFileType = file.storyboard; name = Base; path = Base.lproj/Main.storyboard; sourceTree = "<group>"; };
		079AEDE924FB64BD0038C2B0 /* Assets.xcassets */ = {isa = PBXFileReference; lastKnownFileType = folder.assetcatalog; path = Assets.xcassets; sourceTree = "<group>"; };
		079AEDEC24FB64BD0038C2B0 /* Base */ = {isa = PBXFileReference; lastKnownFileType = file.storyboard; name = Base; path = Base.lproj/LaunchScreen.storyboard; sourceTree = "<group>"; };
		079AEDEE24FB64BD0038C2B0 /* Info.plist */ = {isa = PBXFileReference; lastKnownFileType = text.plist.xml; path = Info.plist; sourceTree = "<group>"; };
		079AEDF324FB64BE0038C2B0 /* GeekFitTests.xctest */ = {isa = PBXFileReference; explicitFileType = wrapper.cfbundle; includeInIndex = 0; path = GeekFitTests.xctest; sourceTree = BUILT_PRODUCTS_DIR; };
		079AEDF724FB64BE0038C2B0 /* GeekFitTests.swift */ = {isa = PBXFileReference; lastKnownFileType = sourcecode.swift; path = GeekFitTests.swift; sourceTree = "<group>"; };
		079AEDF924FB64BE0038C2B0 /* Info.plist */ = {isa = PBXFileReference; lastKnownFileType = text.plist.xml; path = Info.plist; sourceTree = "<group>"; };
		079AEDFE24FB64BE0038C2B0 /* GeekFitUITests.xctest */ = {isa = PBXFileReference; explicitFileType = wrapper.cfbundle; includeInIndex = 0; path = GeekFitUITests.xctest; sourceTree = BUILT_PRODUCTS_DIR; };
		079AEE0224FB64BE0038C2B0 /* GeekFitUITests.swift */ = {isa = PBXFileReference; lastKnownFileType = sourcecode.swift; path = GeekFitUITests.swift; sourceTree = "<group>"; };
		079AEE0424FB64BE0038C2B0 /* Info.plist */ = {isa = PBXFileReference; lastKnownFileType = text.plist.xml; path = Info.plist; sourceTree = "<group>"; };
		07B4EB862503C0FB000AF8BE /* WorkoutService.swift */ = {isa = PBXFileReference; lastKnownFileType = sourcecode.swift; path = WorkoutService.swift; sourceTree = "<group>"; };
		07B4EB882503C117000AF8BE /* LocationServiceProto.swift */ = {isa = PBXFileReference; lastKnownFileType = sourcecode.swift; path = LocationServiceProto.swift; sourceTree = "<group>"; };
		07C39EAA2507B12100ABBC23 /* User.swift */ = {isa = PBXFileReference; lastKnownFileType = sourcecode.swift; path = User.swift; sourceTree = "<group>"; };
		07C39EAD2507B2A800ABBC23 /* UserService.swift */ = {isa = PBXFileReference; lastKnownFileType = sourcecode.swift; path = UserService.swift; sourceTree = "<group>"; };
		07DC955224FBBFC1007923D3 /* UIViewController+Ext.swift */ = {isa = PBXFileReference; lastKnownFileType = sourcecode.swift; path = "UIViewController+Ext.swift"; sourceTree = "<group>"; };
		07E2761D25069B65003ADBDD /* RegisterViewController.swift */ = {isa = PBXFileReference; lastKnownFileType = sourcecode.swift; path = RegisterViewController.swift; sourceTree = "<group>"; };
		197AD39FE82E8BCFC65BCC93 /* Pods-GeekFit-GeekFitUITests.debug.xcconfig */ = {isa = PBXFileReference; includeInIndex = 1; lastKnownFileType = text.xcconfig; name = "Pods-GeekFit-GeekFitUITests.debug.xcconfig"; path = "Target Support Files/Pods-GeekFit-GeekFitUITests/Pods-GeekFit-GeekFitUITests.debug.xcconfig"; sourceTree = "<group>"; };
		19C9494F24E8B87263D99EB8 /* Pods_GeekFit_GeekFitUITests.framework */ = {isa = PBXFileReference; explicitFileType = wrapper.framework; includeInIndex = 0; path = Pods_GeekFit_GeekFitUITests.framework; sourceTree = BUILT_PRODUCTS_DIR; };
		1D02C24A8F2D26CF698720FE /* Pods_GeekFit.framework */ = {isa = PBXFileReference; explicitFileType = wrapper.framework; includeInIndex = 0; path = Pods_GeekFit.framework; sourceTree = BUILT_PRODUCTS_DIR; };
		1EE021DC1417A627F0E31ABD /* Pods-GeekFit.release.xcconfig */ = {isa = PBXFileReference; includeInIndex = 1; lastKnownFileType = text.xcconfig; name = "Pods-GeekFit.release.xcconfig"; path = "Target Support Files/Pods-GeekFit/Pods-GeekFit.release.xcconfig"; sourceTree = "<group>"; };
		475B1538C97244D50498B635 /* Pods-GeekFitTests.debug.xcconfig */ = {isa = PBXFileReference; includeInIndex = 1; lastKnownFileType = text.xcconfig; name = "Pods-GeekFitTests.debug.xcconfig"; path = "Target Support Files/Pods-GeekFitTests/Pods-GeekFitTests.debug.xcconfig"; sourceTree = "<group>"; };
		80996505B4F8B918AE4F16E5 /* Pods-GeekFit.debug.xcconfig */ = {isa = PBXFileReference; includeInIndex = 1; lastKnownFileType = text.xcconfig; name = "Pods-GeekFit.debug.xcconfig"; path = "Target Support Files/Pods-GeekFit/Pods-GeekFit.debug.xcconfig"; sourceTree = "<group>"; };
		A3DB7F2B0CD50DB4A6AA8627 /* Pods_GeekFitTests.framework */ = {isa = PBXFileReference; explicitFileType = wrapper.framework; includeInIndex = 0; path = Pods_GeekFitTests.framework; sourceTree = BUILT_PRODUCTS_DIR; };
		E89C7112FFFE9645D4023901 /* Pods-GeekFitTests.release.xcconfig */ = {isa = PBXFileReference; includeInIndex = 1; lastKnownFileType = text.xcconfig; name = "Pods-GeekFitTests.release.xcconfig"; path = "Target Support Files/Pods-GeekFitTests/Pods-GeekFitTests.release.xcconfig"; sourceTree = "<group>"; };
		FC286B08DA180C17E67F2426 /* Pods-GeekFit-GeekFitUITests.release.xcconfig */ = {isa = PBXFileReference; includeInIndex = 1; lastKnownFileType = text.xcconfig; name = "Pods-GeekFit-GeekFitUITests.release.xcconfig"; path = "Target Support Files/Pods-GeekFit-GeekFitUITests/Pods-GeekFit-GeekFitUITests.release.xcconfig"; sourceTree = "<group>"; };
/* End PBXFileReference section */

/* Begin PBXFrameworksBuildPhase section */
		079AEDDA24FB64B90038C2B0 /* Frameworks */ = {
			isa = PBXFrameworksBuildPhase;
			buildActionMask = 2147483647;
			files = (
				1AD7A9A6799AF2B8015C6EA2 /* Pods_GeekFit.framework in Frameworks */,
			);
			runOnlyForDeploymentPostprocessing = 0;
		};
		079AEDF024FB64BE0038C2B0 /* Frameworks */ = {
			isa = PBXFrameworksBuildPhase;
			buildActionMask = 2147483647;
			files = (
				85512C9759AF7DB29782158E /* Pods_GeekFitTests.framework in Frameworks */,
			);
			runOnlyForDeploymentPostprocessing = 0;
		};
		079AEDFB24FB64BE0038C2B0 /* Frameworks */ = {
			isa = PBXFrameworksBuildPhase;
			buildActionMask = 2147483647;
			files = (
				1150A97A2AE77E21CD00F70F /* Pods_GeekFit_GeekFitUITests.framework in Frameworks */,
			);
			runOnlyForDeploymentPostprocessing = 0;
		};
/* End PBXFrameworksBuildPhase section */

/* Begin PBXGroup section */
		070685932503DC17002A0A82 /* Workouts */ = {
			isa = PBXGroup;
			children = (
				079AEDE624FB64B90038C2B0 /* Main.storyboard */,
				079AEDE424FB64B90038C2B0 /* MapViewController.swift */,
				070685952503DC36002A0A82 /* WorkoutListViewController.swift */,
				0793033F2509201300981E31 /* EndWorkoutViewController.swift */,
			);
			path = Workouts;
			sourceTree = "<group>";
		};
		0706E85F250542A900CA9DD8 /* Navigation */ = {
			isa = PBXGroup;
			children = (
				0706E860250542C600CA9DD8 /* BaseCoordinator.swift */,
				07952986250683EC00EF63F8 /* LoginCoordinator.swift */,
				0706E8642505454800CA9DD8 /* MainCoordinator.swift */,
				0706E8622505450500CA9DD8 /* ApplicationCoordinator.swift */,
			);
			path = Navigation;
			sourceTree = "<group>";
		};
		071ED84225012FC0008FB556 /* DB */ = {
			isa = PBXGroup;
			children = (
				071ED84325012FD5008FB556 /* RealmService.swift */,
			);
			path = DB;
			sourceTree = "<group>";
		};
		071ED84525012FED008FB556 /* Activity */ = {
			isa = PBXGroup;
			children = (
				071ED84625013009008FB556 /* Path.swift */,
				071ED84825013020008FB556 /* Workout.swift */,
			);
			path = Activity;
			sourceTree = "<group>";
		};
		0724D66E2504FB0900A4C33B /* Application */ = {
			isa = PBXGroup;
			children = (
				0724D66F2504FB1600A4C33B /* AppManager.swift */,
			);
			path = Application;
			sourceTree = "<group>";
		};
		079529832506817000EF63F8 /* Users */ = {
			isa = PBXGroup;
			children = (
				079529812506811700EF63F8 /* Users.storyboard */,
				079529842506818300EF63F8 /* LoginViewController.swift */,
				07E2761D25069B65003ADBDD /* RegisterViewController.swift */,
			);
			path = Users;
			sourceTree = "<group>";
		};
		079AEDD424FB64B90038C2B0 = {
			isa = PBXGroup;
			children = (
				079AEDDF24FB64B90038C2B0 /* GeekFit */,
				079AEDF624FB64BE0038C2B0 /* GeekFitTests */,
				079AEE0124FB64BE0038C2B0 /* GeekFitUITests */,
				079AEDDE24FB64B90038C2B0 /* Products */,
				33EC2F855D7D5F1CCE8C56FA /* Pods */,
				81B5266B533C3DB754417063 /* Frameworks */,
			);
			sourceTree = "<group>";
		};
		079AEDDE24FB64B90038C2B0 /* Products */ = {
			isa = PBXGroup;
			children = (
				079AEDDD24FB64B90038C2B0 /* GeekFit.app */,
				079AEDF324FB64BE0038C2B0 /* GeekFitTests.xctest */,
				079AEDFE24FB64BE0038C2B0 /* GeekFitUITests.xctest */,
			);
			name = Products;
			sourceTree = "<group>";
		};
		079AEDDF24FB64B90038C2B0 /* GeekFit */ = {
			isa = PBXGroup;
			children = (
				079AEE1124FB671C0038C2B0 /* App */,
				079AEE1324FB672E0038C2B0 /* Core */,
				079AEE1224FB67250038C2B0 /* Resources */,
				66D6383323D4B68B98F90DF1 /* HappyCodingSupport */,
			);
			path = GeekFit;
			sourceTree = "<group>";
		};
		079AEDF624FB64BE0038C2B0 /* GeekFitTests */ = {
			isa = PBXGroup;
			children = (
				079AEDF724FB64BE0038C2B0 /* GeekFitTests.swift */,
				079AEDF924FB64BE0038C2B0 /* Info.plist */,
			);
			path = GeekFitTests;
			sourceTree = "<group>";
		};
		079AEE0124FB64BE0038C2B0 /* GeekFitUITests */ = {
			isa = PBXGroup;
			children = (
				079AEE0224FB64BE0038C2B0 /* GeekFitUITests.swift */,
				079AEE0424FB64BE0038C2B0 /* Info.plist */,
			);
			path = GeekFitUITests;
			sourceTree = "<group>";
		};
		079AEE1124FB671C0038C2B0 /* App */ = {
			isa = PBXGroup;
			children = (
				079AEE1624FB67900038C2B0 /* BussinessLogic */,
				079AEE1524FB67870038C2B0 /* Entity */,
				079AEE1424FB67760038C2B0 /* Flows */,
			);
			path = App;
			sourceTree = "<group>";
		};
		079AEE1224FB67250038C2B0 /* Resources */ = {
			isa = PBXGroup;
			children = (
				079AEDE924FB64BD0038C2B0 /* Assets.xcassets */,
				079AEDEB24FB64BD0038C2B0 /* LaunchScreen.storyboard */,
				079AEDEE24FB64BD0038C2B0 /* Info.plist */,
			);
			path = Resources;
			sourceTree = "<group>";
		};
		079AEE1324FB672E0038C2B0 /* Core */ = {
			isa = PBXGroup;
			children = (
				0724D66E2504FB0900A4C33B /* Application */,
				07DC955124FBBFAF007923D3 /* Helpers */,
				079AEDE024FB64B90038C2B0 /* AppDelegate.swift */,
				079AEDE224FB64B90038C2B0 /* SceneDelegate.swift */,
			);
			path = Core;
			sourceTree = "<group>";
		};
		079AEE1424FB67760038C2B0 /* Flows */ = {
			isa = PBXGroup;
			children = (
				079529832506817000EF63F8 /* Users */,
				070685932503DC17002A0A82 /* Workouts */,
			);
			path = Flows;
			sourceTree = "<group>";
		};
		079AEE1524FB67870038C2B0 /* Entity */ = {
			isa = PBXGroup;
			children = (
				07C39EA92507B11000ABBC23 /* Profile */,
				071ED84525012FED008FB556 /* Activity */,
			);
			path = Entity;
			sourceTree = "<group>";
		};
		079AEE1624FB67900038C2B0 /* BussinessLogic */ = {
			isa = PBXGroup;
			children = (
				07C39EAC2507B29A00ABBC23 /* Profile */,
				0706E85F250542A900CA9DD8 /* Navigation */,
				07B4EB852503C0EB000AF8BE /* Tracker */,
				071ED84225012FC0008FB556 /* DB */,
			);
			path = BussinessLogic;
			sourceTree = "<group>";
		};
		07B4EB852503C0EB000AF8BE /* Tracker */ = {
			isa = PBXGroup;
			children = (
				070685912503CC33002A0A82 /* TrackService.swift */,
				07B4EB862503C0FB000AF8BE /* WorkoutService.swift */,
				07B4EB882503C117000AF8BE /* LocationServiceProto.swift */,
			);
			path = Tracker;
			sourceTree = "<group>";
		};
		07C39EA92507B11000ABBC23 /* Profile */ = {
			isa = PBXGroup;
			children = (
				07C39EAA2507B12100ABBC23 /* User.swift */,
			);
			path = Profile;
			sourceTree = "<group>";
		};
		07C39EAC2507B29A00ABBC23 /* Profile */ = {
			isa = PBXGroup;
			children = (
				07C39EAD2507B2A800ABBC23 /* UserService.swift */,
			);
			path = Profile;
			sourceTree = "<group>";
		};
		07DC955124FBBFAF007923D3 /* Helpers */ = {
			isa = PBXGroup;
			children = (
				07DC955224FBBFC1007923D3 /* UIViewController+Ext.swift */,
			);
			path = Helpers;
			sourceTree = "<group>";
		};
		33EC2F855D7D5F1CCE8C56FA /* Pods */ = {
			isa = PBXGroup;
			children = (
				80996505B4F8B918AE4F16E5 /* Pods-GeekFit.debug.xcconfig */,
				1EE021DC1417A627F0E31ABD /* Pods-GeekFit.release.xcconfig */,
				197AD39FE82E8BCFC65BCC93 /* Pods-GeekFit-GeekFitUITests.debug.xcconfig */,
				FC286B08DA180C17E67F2426 /* Pods-GeekFit-GeekFitUITests.release.xcconfig */,
				475B1538C97244D50498B635 /* Pods-GeekFitTests.debug.xcconfig */,
				E89C7112FFFE9645D4023901 /* Pods-GeekFitTests.release.xcconfig */,
			);
			path = Pods;
			sourceTree = "<group>";
		};
		66D6383323D4B68B98F90DF1 /* HappyCodingSupport */ = {
			isa = PBXGroup;
			children = (
			);
			path = HappyCodingSupport;
			sourceTree = "<group>";
		};
		81B5266B533C3DB754417063 /* Frameworks */ = {
			isa = PBXGroup;
			children = (
				1D02C24A8F2D26CF698720FE /* Pods_GeekFit.framework */,
				19C9494F24E8B87263D99EB8 /* Pods_GeekFit_GeekFitUITests.framework */,
				A3DB7F2B0CD50DB4A6AA8627 /* Pods_GeekFitTests.framework */,
			);
			name = Frameworks;
			sourceTree = "<group>";
		};
/* End PBXGroup section */

/* Begin PBXNativeTarget section */
		079AEDDC24FB64B90038C2B0 /* GeekFit */ = {
			isa = PBXNativeTarget;
			buildConfigurationList = 079AEE0724FB64BE0038C2B0 /* Build configuration list for PBXNativeTarget "GeekFit" */;
			buildPhases = (
				CEEF72ED00779A34C009A6E5 /* [CP] Check Pods Manifest.lock */,
				079AEDD924FB64B90038C2B0 /* Sources */,
				079AEDDA24FB64B90038C2B0 /* Frameworks */,
				079AEDDB24FB64B90038C2B0 /* Resources */,
				079AEE1024FB65E00038C2B0 /* ShellScript */,
				B7E9E9AEB1A424ED5AA23567 /* [CP] Copy Pods Resources */,
				20C85A0946FAB4712A8C1C1A /* [CP] Embed Pods Frameworks */,
			);
			buildRules = (
			);
			dependencies = (
			);
			name = GeekFit;
			productName = GeekFit;
			productReference = 079AEDDD24FB64B90038C2B0 /* GeekFit.app */;
			productType = "com.apple.product-type.application";
		};
		079AEDF224FB64BE0038C2B0 /* GeekFitTests */ = {
			isa = PBXNativeTarget;
			buildConfigurationList = 079AEE0A24FB64BE0038C2B0 /* Build configuration list for PBXNativeTarget "GeekFitTests" */;
			buildPhases = (
				487CB3DADFBA8FE5EC046A33 /* [CP] Check Pods Manifest.lock */,
				079AEDEF24FB64BE0038C2B0 /* Sources */,
				079AEDF024FB64BE0038C2B0 /* Frameworks */,
				079AEDF124FB64BE0038C2B0 /* Resources */,
			);
			buildRules = (
			);
			dependencies = (
				079AEDF524FB64BE0038C2B0 /* PBXTargetDependency */,
			);
			name = GeekFitTests;
			productName = GeekFitTests;
			productReference = 079AEDF324FB64BE0038C2B0 /* GeekFitTests.xctest */;
			productType = "com.apple.product-type.bundle.unit-test";
		};
		079AEDFD24FB64BE0038C2B0 /* GeekFitUITests */ = {
			isa = PBXNativeTarget;
			buildConfigurationList = 079AEE0D24FB64BE0038C2B0 /* Build configuration list for PBXNativeTarget "GeekFitUITests" */;
			buildPhases = (
				A66C573C0DAD1A213095F78E /* [CP] Check Pods Manifest.lock */,
				079AEDFA24FB64BE0038C2B0 /* Sources */,
				079AEDFB24FB64BE0038C2B0 /* Frameworks */,
				079AEDFC24FB64BE0038C2B0 /* Resources */,
				306344AC77BB6E2249C1203C /* [CP] Copy Pods Resources */,
				150431FA6AC176D8D6D9F913 /* [CP] Embed Pods Frameworks */,
			);
			buildRules = (
			);
			dependencies = (
				079AEE0024FB64BE0038C2B0 /* PBXTargetDependency */,
			);
			name = GeekFitUITests;
			productName = GeekFitUITests;
			productReference = 079AEDFE24FB64BE0038C2B0 /* GeekFitUITests.xctest */;
			productType = "com.apple.product-type.bundle.ui-testing";
		};
/* End PBXNativeTarget section */

/* Begin PBXProject section */
		079AEDD524FB64B90038C2B0 /* Project object */ = {
			isa = PBXProject;
			attributes = {
				LastSwiftUpdateCheck = 1160;
				LastUpgradeCheck = 1160;
				ORGANIZATIONNAME = "Григорий Мартюшин";
				TargetAttributes = {
					079AEDDC24FB64B90038C2B0 = {
						CreatedOnToolsVersion = 11.6;
					};
					079AEDF224FB64BE0038C2B0 = {
						CreatedOnToolsVersion = 11.6;
						TestTargetID = 079AEDDC24FB64B90038C2B0;
					};
					079AEDFD24FB64BE0038C2B0 = {
						CreatedOnToolsVersion = 11.6;
						TestTargetID = 079AEDDC24FB64B90038C2B0;
					};
				};
			};
			buildConfigurationList = 079AEDD824FB64B90038C2B0 /* Build configuration list for PBXProject "GeekFit" */;
			compatibilityVersion = "Xcode 9.3";
			developmentRegion = en;
			hasScannedForEncodings = 0;
			knownRegions = (
				en,
				Base,
			);
			mainGroup = 079AEDD424FB64B90038C2B0;
			productRefGroup = 079AEDDE24FB64B90038C2B0 /* Products */;
			projectDirPath = "";
			projectRoot = "";
			targets = (
				079AEDDC24FB64B90038C2B0 /* GeekFit */,
				079AEDF224FB64BE0038C2B0 /* GeekFitTests */,
				079AEDFD24FB64BE0038C2B0 /* GeekFitUITests */,
			);
		};
/* End PBXProject section */

/* Begin PBXResourcesBuildPhase section */
		079AEDDB24FB64B90038C2B0 /* Resources */ = {
			isa = PBXResourcesBuildPhase;
			buildActionMask = 2147483647;
			files = (
				079AEDED24FB64BD0038C2B0 /* LaunchScreen.storyboard in Resources */,
				079529822506811700EF63F8 /* Users.storyboard in Resources */,
				079AEDEA24FB64BD0038C2B0 /* Assets.xcassets in Resources */,
				079AEDE824FB64B90038C2B0 /* Main.storyboard in Resources */,
			);
			runOnlyForDeploymentPostprocessing = 0;
		};
		079AEDF124FB64BE0038C2B0 /* Resources */ = {
			isa = PBXResourcesBuildPhase;
			buildActionMask = 2147483647;
			files = (
			);
			runOnlyForDeploymentPostprocessing = 0;
		};
		079AEDFC24FB64BE0038C2B0 /* Resources */ = {
			isa = PBXResourcesBuildPhase;
			buildActionMask = 2147483647;
			files = (
			);
			runOnlyForDeploymentPostprocessing = 0;
		};
/* End PBXResourcesBuildPhase section */

/* Begin PBXShellScriptBuildPhase section */
		079AEE1024FB65E00038C2B0 /* ShellScript */ = {
			isa = PBXShellScriptBuildPhase;
			buildActionMask = 2147483647;
			files = (
			);
			inputFileListPaths = (
			);
			inputPaths = (
			);
			outputFileListPaths = (
			);
			outputPaths = (
			);
			runOnlyForDeploymentPostprocessing = 0;
			shellPath = /bin/sh;
			shellScript = "if which swiftlint >/dev/null; then\n  swiftlint\nelse\n  echo \"warning: SwiftLint not installed, download from https://github.com/realm/SwiftLint\"\nfi\n";
		};
		150431FA6AC176D8D6D9F913 /* [CP] Embed Pods Frameworks */ = {
			isa = PBXShellScriptBuildPhase;
			buildActionMask = 2147483647;
			files = (
			);
			inputFileListPaths = (
				"${PODS_ROOT}/Target Support Files/Pods-GeekFit-GeekFitUITests/Pods-GeekFit-GeekFitUITests-frameworks-${CONFIGURATION}-input-files.xcfilelist",
			);
			inputPaths = (
			);
			name = "[CP] Embed Pods Frameworks";
			outputFileListPaths = (
				"${PODS_ROOT}/Target Support Files/Pods-GeekFit-GeekFitUITests/Pods-GeekFit-GeekFitUITests-frameworks-${CONFIGURATION}-output-files.xcfilelist",
			);
			outputPaths = (
			);
			runOnlyForDeploymentPostprocessing = 0;
			shellPath = /bin/sh;
			shellScript = "\"${PODS_ROOT}/Target Support Files/Pods-GeekFit-GeekFitUITests/Pods-GeekFit-GeekFitUITests-frameworks.sh\"\n";
			showEnvVarsInLog = 0;
		};
		20C85A0946FAB4712A8C1C1A /* [CP] Embed Pods Frameworks */ = {
			isa = PBXShellScriptBuildPhase;
			buildActionMask = 2147483647;
			files = (
			);
			inputFileListPaths = (
				"${PODS_ROOT}/Target Support Files/Pods-GeekFit/Pods-GeekFit-frameworks-${CONFIGURATION}-input-files.xcfilelist",
			);
			inputPaths = (
			);
			name = "[CP] Embed Pods Frameworks";
			outputFileListPaths = (
				"${PODS_ROOT}/Target Support Files/Pods-GeekFit/Pods-GeekFit-frameworks-${CONFIGURATION}-output-files.xcfilelist",
			);
			outputPaths = (
			);
			runOnlyForDeploymentPostprocessing = 0;
			shellPath = /bin/sh;
			shellScript = "\"${PODS_ROOT}/Target Support Files/Pods-GeekFit/Pods-GeekFit-frameworks.sh\"\n";
			showEnvVarsInLog = 0;
		};
		306344AC77BB6E2249C1203C /* [CP] Copy Pods Resources */ = {
			isa = PBXShellScriptBuildPhase;
			buildActionMask = 2147483647;
			files = (
			);
			inputFileListPaths = (
				"${PODS_ROOT}/Target Support Files/Pods-GeekFit-GeekFitUITests/Pods-GeekFit-GeekFitUITests-resources-${CONFIGURATION}-input-files.xcfilelist",
			);
			inputPaths = (
			);
			name = "[CP] Copy Pods Resources";
			outputFileListPaths = (
				"${PODS_ROOT}/Target Support Files/Pods-GeekFit-GeekFitUITests/Pods-GeekFit-GeekFitUITests-resources-${CONFIGURATION}-output-files.xcfilelist",
			);
			outputPaths = (
			);
			runOnlyForDeploymentPostprocessing = 0;
			shellPath = /bin/sh;
			shellScript = "\"${PODS_ROOT}/Target Support Files/Pods-GeekFit-GeekFitUITests/Pods-GeekFit-GeekFitUITests-resources.sh\"\n";
			showEnvVarsInLog = 0;
		};
		487CB3DADFBA8FE5EC046A33 /* [CP] Check Pods Manifest.lock */ = {
			isa = PBXShellScriptBuildPhase;
			buildActionMask = 2147483647;
			files = (
			);
			inputFileListPaths = (
			);
			inputPaths = (
				"${PODS_PODFILE_DIR_PATH}/Podfile.lock",
				"${PODS_ROOT}/Manifest.lock",
			);
			name = "[CP] Check Pods Manifest.lock";
			outputFileListPaths = (
			);
			outputPaths = (
				"$(DERIVED_FILE_DIR)/Pods-GeekFitTests-checkManifestLockResult.txt",
			);
			runOnlyForDeploymentPostprocessing = 0;
			shellPath = /bin/sh;
			shellScript = "diff \"${PODS_PODFILE_DIR_PATH}/Podfile.lock\" \"${PODS_ROOT}/Manifest.lock\" > /dev/null\nif [ $? != 0 ] ; then\n    # print error to STDERR\n    echo \"error: The sandbox is not in sync with the Podfile.lock. Run 'pod install' or update your CocoaPods installation.\" >&2\n    exit 1\nfi\n# This output is used by Xcode 'outputs' to avoid re-running this script phase.\necho \"SUCCESS\" > \"${SCRIPT_OUTPUT_FILE_0}\"\n";
			showEnvVarsInLog = 0;
		};
		A66C573C0DAD1A213095F78E /* [CP] Check Pods Manifest.lock */ = {
			isa = PBXShellScriptBuildPhase;
			buildActionMask = 2147483647;
			files = (
			);
			inputFileListPaths = (
			);
			inputPaths = (
				"${PODS_PODFILE_DIR_PATH}/Podfile.lock",
				"${PODS_ROOT}/Manifest.lock",
			);
			name = "[CP] Check Pods Manifest.lock";
			outputFileListPaths = (
			);
			outputPaths = (
				"$(DERIVED_FILE_DIR)/Pods-GeekFit-GeekFitUITests-checkManifestLockResult.txt",
			);
			runOnlyForDeploymentPostprocessing = 0;
			shellPath = /bin/sh;
			shellScript = "diff \"${PODS_PODFILE_DIR_PATH}/Podfile.lock\" \"${PODS_ROOT}/Manifest.lock\" > /dev/null\nif [ $? != 0 ] ; then\n    # print error to STDERR\n    echo \"error: The sandbox is not in sync with the Podfile.lock. Run 'pod install' or update your CocoaPods installation.\" >&2\n    exit 1\nfi\n# This output is used by Xcode 'outputs' to avoid re-running this script phase.\necho \"SUCCESS\" > \"${SCRIPT_OUTPUT_FILE_0}\"\n";
			showEnvVarsInLog = 0;
		};
		B7E9E9AEB1A424ED5AA23567 /* [CP] Copy Pods Resources */ = {
			isa = PBXShellScriptBuildPhase;
			buildActionMask = 2147483647;
			files = (
			);
			inputFileListPaths = (
				"${PODS_ROOT}/Target Support Files/Pods-GeekFit/Pods-GeekFit-resources-${CONFIGURATION}-input-files.xcfilelist",
			);
			inputPaths = (
			);
			name = "[CP] Copy Pods Resources";
			outputFileListPaths = (
				"${PODS_ROOT}/Target Support Files/Pods-GeekFit/Pods-GeekFit-resources-${CONFIGURATION}-output-files.xcfilelist",
			);
			outputPaths = (
			);
			runOnlyForDeploymentPostprocessing = 0;
			shellPath = /bin/sh;
			shellScript = "\"${PODS_ROOT}/Target Support Files/Pods-GeekFit/Pods-GeekFit-resources.sh\"\n";
			showEnvVarsInLog = 0;
		};
		CEEF72ED00779A34C009A6E5 /* [CP] Check Pods Manifest.lock */ = {
			isa = PBXShellScriptBuildPhase;
			buildActionMask = 2147483647;
			files = (
			);
			inputFileListPaths = (
			);
			inputPaths = (
				"${PODS_PODFILE_DIR_PATH}/Podfile.lock",
				"${PODS_ROOT}/Manifest.lock",
			);
			name = "[CP] Check Pods Manifest.lock";
			outputFileListPaths = (
			);
			outputPaths = (
				"$(DERIVED_FILE_DIR)/Pods-GeekFit-checkManifestLockResult.txt",
			);
			runOnlyForDeploymentPostprocessing = 0;
			shellPath = /bin/sh;
			shellScript = "diff \"${PODS_PODFILE_DIR_PATH}/Podfile.lock\" \"${PODS_ROOT}/Manifest.lock\" > /dev/null\nif [ $? != 0 ] ; then\n    # print error to STDERR\n    echo \"error: The sandbox is not in sync with the Podfile.lock. Run 'pod install' or update your CocoaPods installation.\" >&2\n    exit 1\nfi\n# This output is used by Xcode 'outputs' to avoid re-running this script phase.\necho \"SUCCESS\" > \"${SCRIPT_OUTPUT_FILE_0}\"\n";
			showEnvVarsInLog = 0;
		};
/* End PBXShellScriptBuildPhase section */

/* Begin PBXSourcesBuildPhase section */
		079AEDD924FB64B90038C2B0 /* Sources */ = {
			isa = PBXSourcesBuildPhase;
			buildActionMask = 2147483647;
			files = (
				071ED84925013020008FB556 /* Workout.swift in Sources */,
				070685922503CC33002A0A82 /* TrackService.swift in Sources */,
				079303402509201300981E31 /* EndWorkoutViewController.swift in Sources */,
				070685962503DC36002A0A82 /* WorkoutListViewController.swift in Sources */,
				0724D6702504FB1600A4C33B /* AppManager.swift in Sources */,
				07E2761E25069B65003ADBDD /* RegisterViewController.swift in Sources */,
				07C39EAB2507B12100ABBC23 /* User.swift in Sources */,
				07B4EB872503C0FB000AF8BE /* WorkoutService.swift in Sources */,
				0706E8632505450500CA9DD8 /* ApplicationCoordinator.swift in Sources */,
				071ED84425012FD5008FB556 /* RealmService.swift in Sources */,
				071ED84725013009008FB556 /* Path.swift in Sources */,
				079AEDE524FB64B90038C2B0 /* MapViewController.swift in Sources */,
				0706E8652505454800CA9DD8 /* MainCoordinator.swift in Sources */,
				07C39EAE2507B2A800ABBC23 /* UserService.swift in Sources */,
				079AEDE124FB64B90038C2B0 /* AppDelegate.swift in Sources */,
				07DC955324FBBFC1007923D3 /* UIViewController+Ext.swift in Sources */,
				07952987250683EC00EF63F8 /* LoginCoordinator.swift in Sources */,
				079529852506818300EF63F8 /* LoginViewController.swift in Sources */,
				0706E861250542C600CA9DD8 /* BaseCoordinator.swift in Sources */,
				079AEDE324FB64B90038C2B0 /* SceneDelegate.swift in Sources */,
				07B4EB892503C117000AF8BE /* LocationServiceProto.swift in Sources */,
			);
			runOnlyForDeploymentPostprocessing = 0;
		};
		079AEDEF24FB64BE0038C2B0 /* Sources */ = {
			isa = PBXSourcesBuildPhase;
			buildActionMask = 2147483647;
			files = (
				079AEDF824FB64BE0038C2B0 /* GeekFitTests.swift in Sources */,
			);
			runOnlyForDeploymentPostprocessing = 0;
		};
		079AEDFA24FB64BE0038C2B0 /* Sources */ = {
			isa = PBXSourcesBuildPhase;
			buildActionMask = 2147483647;
			files = (
				079AEE0324FB64BE0038C2B0 /* GeekFitUITests.swift in Sources */,
			);
			runOnlyForDeploymentPostprocessing = 0;
		};
/* End PBXSourcesBuildPhase section */

/* Begin PBXTargetDependency section */
		079AEDF524FB64BE0038C2B0 /* PBXTargetDependency */ = {
			isa = PBXTargetDependency;
			target = 079AEDDC24FB64B90038C2B0 /* GeekFit */;
			targetProxy = 079AEDF424FB64BE0038C2B0 /* PBXContainerItemProxy */;
		};
		079AEE0024FB64BE0038C2B0 /* PBXTargetDependency */ = {
			isa = PBXTargetDependency;
			target = 079AEDDC24FB64B90038C2B0 /* GeekFit */;
			targetProxy = 079AEDFF24FB64BE0038C2B0 /* PBXContainerItemProxy */;
		};
/* End PBXTargetDependency section */

/* Begin PBXVariantGroup section */
		079AEDE624FB64B90038C2B0 /* Main.storyboard */ = {
			isa = PBXVariantGroup;
			children = (
				079AEDE724FB64B90038C2B0 /* Base */,
			);
			name = Main.storyboard;
			sourceTree = "<group>";
		};
		079AEDEB24FB64BD0038C2B0 /* LaunchScreen.storyboard */ = {
			isa = PBXVariantGroup;
			children = (
				079AEDEC24FB64BD0038C2B0 /* Base */,
			);
			name = LaunchScreen.storyboard;
			sourceTree = "<group>";
		};
/* End PBXVariantGroup section */

/* Begin XCBuildConfiguration section */
		079AEE0524FB64BE0038C2B0 /* Debug */ = {
			isa = XCBuildConfiguration;
			buildSettings = {
				ALWAYS_SEARCH_USER_PATHS = NO;
				CLANG_ANALYZER_NONNULL = YES;
				CLANG_ANALYZER_NUMBER_OBJECT_CONVERSION = YES_AGGRESSIVE;
				CLANG_CXX_LANGUAGE_STANDARD = "gnu++14";
				CLANG_CXX_LIBRARY = "libc++";
				CLANG_ENABLE_MODULES = YES;
				CLANG_ENABLE_OBJC_ARC = YES;
				CLANG_ENABLE_OBJC_WEAK = YES;
				CLANG_WARN_BLOCK_CAPTURE_AUTORELEASING = YES;
				CLANG_WARN_BOOL_CONVERSION = YES;
				CLANG_WARN_COMMA = YES;
				CLANG_WARN_CONSTANT_CONVERSION = YES;
				CLANG_WARN_DEPRECATED_OBJC_IMPLEMENTATIONS = YES;
				CLANG_WARN_DIRECT_OBJC_ISA_USAGE = YES_ERROR;
				CLANG_WARN_DOCUMENTATION_COMMENTS = YES;
				CLANG_WARN_EMPTY_BODY = YES;
				CLANG_WARN_ENUM_CONVERSION = YES;
				CLANG_WARN_INFINITE_RECURSION = YES;
				CLANG_WARN_INT_CONVERSION = YES;
				CLANG_WARN_NON_LITERAL_NULL_CONVERSION = YES;
				CLANG_WARN_OBJC_IMPLICIT_RETAIN_SELF = YES;
				CLANG_WARN_OBJC_LITERAL_CONVERSION = YES;
				CLANG_WARN_OBJC_ROOT_CLASS = YES_ERROR;
				CLANG_WARN_RANGE_LOOP_ANALYSIS = YES;
				CLANG_WARN_STRICT_PROTOTYPES = YES;
				CLANG_WARN_SUSPICIOUS_MOVE = YES;
				CLANG_WARN_UNGUARDED_AVAILABILITY = YES_AGGRESSIVE;
				CLANG_WARN_UNREACHABLE_CODE = YES;
				CLANG_WARN__DUPLICATE_METHOD_MATCH = YES;
				COPY_PHASE_STRIP = NO;
				DEBUG_INFORMATION_FORMAT = dwarf;
				ENABLE_STRICT_OBJC_MSGSEND = YES;
				ENABLE_TESTABILITY = YES;
				GCC_C_LANGUAGE_STANDARD = gnu11;
				GCC_DYNAMIC_NO_PIC = NO;
				GCC_NO_COMMON_BLOCKS = YES;
				GCC_OPTIMIZATION_LEVEL = 0;
				GCC_PREPROCESSOR_DEFINITIONS = (
					"DEBUG=1",
					"$(inherited)",
				);
				GCC_WARN_64_TO_32_BIT_CONVERSION = YES;
				GCC_WARN_ABOUT_RETURN_TYPE = YES_ERROR;
				GCC_WARN_UNDECLARED_SELECTOR = YES;
				GCC_WARN_UNINITIALIZED_AUTOS = YES_AGGRESSIVE;
				GCC_WARN_UNUSED_FUNCTION = YES;
				GCC_WARN_UNUSED_VARIABLE = YES;
				IPHONEOS_DEPLOYMENT_TARGET = 13.4;
				MODULE_NAME = "";
				MTL_ENABLE_DEBUG_INFO = INCLUDE_SOURCE;
				MTL_FAST_MATH = YES;
				ONLY_ACTIVE_ARCH = YES;
				SDKROOT = iphoneos;
				SWIFT_ACTIVE_COMPILATION_CONDITIONS = DEBUG;
				SWIFT_OPTIMIZATION_LEVEL = "-Onone";
			};
			name = Debug;
		};
		079AEE0624FB64BE0038C2B0 /* Release */ = {
			isa = XCBuildConfiguration;
			buildSettings = {
				ALWAYS_SEARCH_USER_PATHS = NO;
				CLANG_ANALYZER_NONNULL = YES;
				CLANG_ANALYZER_NUMBER_OBJECT_CONVERSION = YES_AGGRESSIVE;
				CLANG_CXX_LANGUAGE_STANDARD = "gnu++14";
				CLANG_CXX_LIBRARY = "libc++";
				CLANG_ENABLE_MODULES = YES;
				CLANG_ENABLE_OBJC_ARC = YES;
				CLANG_ENABLE_OBJC_WEAK = YES;
				CLANG_WARN_BLOCK_CAPTURE_AUTORELEASING = YES;
				CLANG_WARN_BOOL_CONVERSION = YES;
				CLANG_WARN_COMMA = YES;
				CLANG_WARN_CONSTANT_CONVERSION = YES;
				CLANG_WARN_DEPRECATED_OBJC_IMPLEMENTATIONS = YES;
				CLANG_WARN_DIRECT_OBJC_ISA_USAGE = YES_ERROR;
				CLANG_WARN_DOCUMENTATION_COMMENTS = YES;
				CLANG_WARN_EMPTY_BODY = YES;
				CLANG_WARN_ENUM_CONVERSION = YES;
				CLANG_WARN_INFINITE_RECURSION = YES;
				CLANG_WARN_INT_CONVERSION = YES;
				CLANG_WARN_NON_LITERAL_NULL_CONVERSION = YES;
				CLANG_WARN_OBJC_IMPLICIT_RETAIN_SELF = YES;
				CLANG_WARN_OBJC_LITERAL_CONVERSION = YES;
				CLANG_WARN_OBJC_ROOT_CLASS = YES_ERROR;
				CLANG_WARN_RANGE_LOOP_ANALYSIS = YES;
				CLANG_WARN_STRICT_PROTOTYPES = YES;
				CLANG_WARN_SUSPICIOUS_MOVE = YES;
				CLANG_WARN_UNGUARDED_AVAILABILITY = YES_AGGRESSIVE;
				CLANG_WARN_UNREACHABLE_CODE = YES;
				CLANG_WARN__DUPLICATE_METHOD_MATCH = YES;
				COPY_PHASE_STRIP = NO;
				DEBUG_INFORMATION_FORMAT = "dwarf-with-dsym";
				ENABLE_NS_ASSERTIONS = NO;
				ENABLE_STRICT_OBJC_MSGSEND = YES;
				GCC_C_LANGUAGE_STANDARD = gnu11;
				GCC_NO_COMMON_BLOCKS = YES;
				GCC_WARN_64_TO_32_BIT_CONVERSION = YES;
				GCC_WARN_ABOUT_RETURN_TYPE = YES_ERROR;
				GCC_WARN_UNDECLARED_SELECTOR = YES;
				GCC_WARN_UNINITIALIZED_AUTOS = YES_AGGRESSIVE;
				GCC_WARN_UNUSED_FUNCTION = YES;
				GCC_WARN_UNUSED_VARIABLE = YES;
				IPHONEOS_DEPLOYMENT_TARGET = 13.4;
				MODULE_NAME = "";
				MTL_ENABLE_DEBUG_INFO = NO;
				MTL_FAST_MATH = YES;
				SDKROOT = iphoneos;
				SWIFT_COMPILATION_MODE = wholemodule;
				SWIFT_OPTIMIZATION_LEVEL = "-O";
				VALIDATE_PRODUCT = YES;
			};
			name = Release;
		};
		079AEE0824FB64BE0038C2B0 /* Debug */ = {
			isa = XCBuildConfiguration;
			baseConfigurationReference = 80996505B4F8B918AE4F16E5 /* Pods-GeekFit.debug.xcconfig */;
			buildSettings = {
				ASSETCATALOG_COMPILER_APPICON_NAME = AppIcon;
				CODE_SIGN_STYLE = Automatic;
				DEVELOPMENT_TEAM = 4GGD352K79;
				INFOPLIST_FILE = GeekFit/Resources/Info.plist;
				IPHONEOS_DEPLOYMENT_TARGET = 12.0;
				LD_RUNPATH_SEARCH_PATHS = (
					"$(inherited)",
					"@executable_path/Frameworks",
				);
				PRODUCT_BUNDLE_IDENTIFIER = ru.martiushin.GeekFit;
				PRODUCT_NAME = "$(TARGET_NAME)";
				SWIFT_VERSION = 5.0;
				TARGETED_DEVICE_FAMILY = "1,2";
			};
			name = Debug;
		};
		079AEE0924FB64BE0038C2B0 /* Release */ = {
			isa = XCBuildConfiguration;
			baseConfigurationReference = 1EE021DC1417A627F0E31ABD /* Pods-GeekFit.release.xcconfig */;
			buildSettings = {
				ASSETCATALOG_COMPILER_APPICON_NAME = AppIcon;
				CODE_SIGN_STYLE = Automatic;
				DEVELOPMENT_TEAM = 4GGD352K79;
				INFOPLIST_FILE = GeekFit/Resources/Info.plist;
				IPHONEOS_DEPLOYMENT_TARGET = 12.0;
				LD_RUNPATH_SEARCH_PATHS = (
					"$(inherited)",
					"@executable_path/Frameworks",
				);
				PRODUCT_BUNDLE_IDENTIFIER = ru.martiushin.GeekFit;
				PRODUCT_NAME = "$(TARGET_NAME)";
				SWIFT_VERSION = 5.0;
				TARGETED_DEVICE_FAMILY = "1,2";
			};
			name = Release;
		};
		079AEE0B24FB64BE0038C2B0 /* Debug */ = {
			isa = XCBuildConfiguration;
			baseConfigurationReference = 475B1538C97244D50498B635 /* Pods-GeekFitTests.debug.xcconfig */;
			buildSettings = {
				ALWAYS_EMBED_SWIFT_STANDARD_LIBRARIES = YES;
				BUNDLE_LOADER = "$(TEST_HOST)";
				CODE_SIGN_STYLE = Automatic;
				DEVELOPMENT_TEAM = 4GGD352K79;
				INFOPLIST_FILE = GeekFitTests/Info.plist;
				IPHONEOS_DEPLOYMENT_TARGET = 13.6;
				LD_RUNPATH_SEARCH_PATHS = (
					"$(inherited)",
					"@executable_path/Frameworks",
					"@loader_path/Frameworks",
				);
				PRODUCT_BUNDLE_IDENTIFIER = ru.martiushin.GeekFitTests;
				PRODUCT_NAME = "$(TARGET_NAME)";
				SWIFT_VERSION = 5.0;
				TARGETED_DEVICE_FAMILY = "1,2";
				TEST_HOST = "$(BUILT_PRODUCTS_DIR)/GeekFit.app/GeekFit";
			};
			name = Debug;
		};
		079AEE0C24FB64BE0038C2B0 /* Release */ = {
			isa = XCBuildConfiguration;
			baseConfigurationReference = E89C7112FFFE9645D4023901 /* Pods-GeekFitTests.release.xcconfig */;
			buildSettings = {
				ALWAYS_EMBED_SWIFT_STANDARD_LIBRARIES = YES;
				BUNDLE_LOADER = "$(TEST_HOST)";
				CODE_SIGN_STYLE = Automatic;
				DEVELOPMENT_TEAM = 4GGD352K79;
				INFOPLIST_FILE = GeekFitTests/Info.plist;
				IPHONEOS_DEPLOYMENT_TARGET = 13.6;
				LD_RUNPATH_SEARCH_PATHS = (
					"$(inherited)",
					"@executable_path/Frameworks",
					"@loader_path/Frameworks",
				);
				PRODUCT_BUNDLE_IDENTIFIER = ru.martiushin.GeekFitTests;
				PRODUCT_NAME = "$(TARGET_NAME)";
				SWIFT_VERSION = 5.0;
				TARGETED_DEVICE_FAMILY = "1,2";
				TEST_HOST = "$(BUILT_PRODUCTS_DIR)/GeekFit.app/GeekFit";
			};
			name = Release;
		};
		079AEE0E24FB64BE0038C2B0 /* Debug */ = {
			isa = XCBuildConfiguration;
			baseConfigurationReference = 197AD39FE82E8BCFC65BCC93 /* Pods-GeekFit-GeekFitUITests.debug.xcconfig */;
			buildSettings = {
				ALWAYS_EMBED_SWIFT_STANDARD_LIBRARIES = YES;
				CODE_SIGN_STYLE = Automatic;
				DEVELOPMENT_TEAM = 4GGD352K79;
				INFOPLIST_FILE = GeekFitUITests/Info.plist;
				LD_RUNPATH_SEARCH_PATHS = (
					"$(inherited)",
					"@executable_path/Frameworks",
					"@loader_path/Frameworks",
				);
				PRODUCT_BUNDLE_IDENTIFIER = ru.martiushin.GeekFitUITests;
				PRODUCT_NAME = "$(TARGET_NAME)";
				SWIFT_VERSION = 5.0;
				TARGETED_DEVICE_FAMILY = "1,2";
				TEST_TARGET_NAME = GeekFit;
			};
			name = Debug;
		};
		079AEE0F24FB64BE0038C2B0 /* Release */ = {
			isa = XCBuildConfiguration;
			baseConfigurationReference = FC286B08DA180C17E67F2426 /* Pods-GeekFit-GeekFitUITests.release.xcconfig */;
			buildSettings = {
				ALWAYS_EMBED_SWIFT_STANDARD_LIBRARIES = YES;
				CODE_SIGN_STYLE = Automatic;
				DEVELOPMENT_TEAM = 4GGD352K79;
				INFOPLIST_FILE = GeekFitUITests/Info.plist;
				LD_RUNPATH_SEARCH_PATHS = (
					"$(inherited)",
					"@executable_path/Frameworks",
					"@loader_path/Frameworks",
				);
				PRODUCT_BUNDLE_IDENTIFIER = ru.martiushin.GeekFitUITests;
				PRODUCT_NAME = "$(TARGET_NAME)";
				SWIFT_VERSION = 5.0;
				TARGETED_DEVICE_FAMILY = "1,2";
				TEST_TARGET_NAME = GeekFit;
			};
			name = Release;
		};
/* End XCBuildConfiguration section */

/* Begin XCConfigurationList section */
		079AEDD824FB64B90038C2B0 /* Build configuration list for PBXProject "GeekFit" */ = {
			isa = XCConfigurationList;
			buildConfigurations = (
				079AEE0524FB64BE0038C2B0 /* Debug */,
				079AEE0624FB64BE0038C2B0 /* Release */,
			);
			defaultConfigurationIsVisible = 0;
			defaultConfigurationName = Release;
		};
		079AEE0724FB64BE0038C2B0 /* Build configuration list for PBXNativeTarget "GeekFit" */ = {
			isa = XCConfigurationList;
			buildConfigurations = (
				079AEE0824FB64BE0038C2B0 /* Debug */,
				079AEE0924FB64BE0038C2B0 /* Release */,
			);
			defaultConfigurationIsVisible = 0;
			defaultConfigurationName = Release;
		};
		079AEE0A24FB64BE0038C2B0 /* Build configuration list for PBXNativeTarget "GeekFitTests" */ = {
			isa = XCConfigurationList;
			buildConfigurations = (
				079AEE0B24FB64BE0038C2B0 /* Debug */,
				079AEE0C24FB64BE0038C2B0 /* Release */,
			);
			defaultConfigurationIsVisible = 0;
			defaultConfigurationName = Release;
		};
		079AEE0D24FB64BE0038C2B0 /* Build configuration list for PBXNativeTarget "GeekFitUITests" */ = {
			isa = XCConfigurationList;
			buildConfigurations = (
				079AEE0E24FB64BE0038C2B0 /* Debug */,
				079AEE0F24FB64BE0038C2B0 /* Release */,
			);
			defaultConfigurationIsVisible = 0;
			defaultConfigurationName = Release;
		};
/* End XCConfigurationList section */
	};
	rootObject = 079AEDD524FB64B90038C2B0 /* Project object */;
}
