PODS:
  - GoogleMaps (3.10.0):
    - GoogleMaps/Maps (= 3.10.0)
  - GoogleMaps/Base (3.10.0)
  - GoogleMaps/Maps (3.10.0):
    - GoogleMaps/Base
  - Realm (5.4.2):
    - Realm/Headers (= 5.4.2)
  - Realm/Headers (5.4.2)
  - RealmSwift (5.4.2):
    - Realm (= 5.4.2)
  - RxCocoa (5.1.1):
    - RxRelay (~> 5)
    - RxSwift (~> 5)
  - RxRelay (5.1.1):
    - RxSwift (~> 5)
  - RxSwift (5.1.1)

DEPENDENCIES:
  - GoogleMaps
  - RealmSwift
  - RxCocoa
  - RxSwift

SPEC REPOS:
  trunk:
    - GoogleMaps
    - Realm
    - RealmSwift
    - RxCocoa
    - RxRelay
    - RxSwift

SPEC CHECKSUMS:
  GoogleMaps: 8c080862ff2748ece9929471b30feb56a6c5079d
  Realm: ced868eb0254f8d33a21c06981355e5aa33bc005
  RealmSwift: aedc4363150f3c61f91ae0537ed116d2d080a4dd
  RxCocoa: 32065309a38d29b5b0db858819b5bf9ef038b601
  RxRelay: d77f7d771495f43c556cbc43eebd1bb54d01e8e9
  RxSwift: 81470a2074fa8780320ea5fe4102807cb7118178

PODFILE CHECKSUM: 5b49297addf380e6bf83e5fdbda968643840b435

COCOAPODS: 1.8.4
